
Microsoft Visual Studio Solution File, Format Version 12.00
# Visual Studio 15
VisualStudioVersion = 15.0.27924.0
MinimumVisualStudioVersion = 10.0.40219.1
Project("{FAE04EC0-301F-11D3-BF4B-00C04F79EFBC}") = "SpecSniffer", "Imago1\SpecSniffer.csproj", "{0DFDE023-F105-40F2-9172-FCE705F675AB}"
EndProject
Global
	GlobalSection(SolutionConfigurationPlatforms) = preSolution
		Debug|Any CPU = Debug|Any CPU
		Release|Any CPU = Release|Any CPU
	EndGlobalSection
	GlobalSection(ProjectConfigurationPlatforms) = postSolution
		{0DFDE023-F105-40F2-9172-FCE705F675AB}.Debug|Any CPU.ActiveCfg = Debug|Any CPU
		{0DFDE023-F105-40F2-9172-FCE705F675AB}.Debug|Any CPU.Build.0 = Debug|Any CPU
		{0DFDE023-F105-40F2-9172-FCE705F675AB}.Release|Any CPU.ActiveCfg = Release|Any CPU
		{0DFDE023-F105-40F2-9172-FCE705F675AB}.Release|Any CPU.Build.0 = Release|Any CPU
	EndGlobalSection
	GlobalSection(SolutionProperties) = preSolution
		HideSolutionNode = FALSE
	EndGlobalSection
	GlobalSection(ExtensibilityGlobals) = postSolution
		SolutionGuid = {E97C9838-14C2-4C28-BB36-A0FFD88F0D11}
	EndGlobalSection
EndGlobal
